
Microsoft Visual Studio Solution File, Format Version 12.00
# Visual Studio Version 17
VisualStudioVersion = 17.0.31903.59
MinimumVisualStudioVersion = 10.0.40219.1
Project("{FAE04EC0-301F-11D3-BF4B-00C04F79EFBC}") = "API", "API\API.csproj", "{B46929BD-F3F1-4C8F-BBB7-27B384C1DE2E}"
EndProject
Project("{FAE04EC0-301F-11D3-BF4B-00C04F79EFBC}") = "Application", "Application\Application.csproj", "{73F3FF85-0DC6-4914-9818-20984DAC2574}"
EndProject
Project("{FAE04EC0-301F-11D3-BF4B-00C04F79EFBC}") = "Persistence", "Persistence\Persistence.csproj", "{B85CDD08-8EEE-4A12-B1D7-87BF03B1C062}"
EndProject
Project("{FAE04EC0-301F-11D3-BF4B-00C04F79EFBC}") = "Domain", "Domain\Domain.csproj", "{DA0911ED-730D-4555-80CE-B9BDF1A363BB}"
EndProject
Global
	GlobalSection(SolutionConfigurationPlatforms) = preSolution
		Debug|Any CPU = Debug|Any CPU
		Debug|x64 = Debug|x64
		Debug|x86 = Debug|x86
		Release|Any CPU = Release|Any CPU
		Release|x64 = Release|x64
		Release|x86 = Release|x86
	EndGlobalSection
	GlobalSection(ProjectConfigurationPlatforms) = postSolution
		{B46929BD-F3F1-4C8F-BBB7-27B384C1DE2E}.Debug|Any CPU.ActiveCfg = Debug|Any CPU
		{B46929BD-F3F1-4C8F-BBB7-27B384C1DE2E}.Debug|Any CPU.Build.0 = Debug|Any CPU
		{B46929BD-F3F1-4C8F-BBB7-27B384C1DE2E}.Debug|x64.ActiveCfg = Debug|Any CPU
		{B46929BD-F3F1-4C8F-BBB7-27B384C1DE2E}.Debug|x64.Build.0 = Debug|Any CPU
		{B46929BD-F3F1-4C8F-BBB7-27B384C1DE2E}.Debug|x86.ActiveCfg = Debug|Any CPU
		{B46929BD-F3F1-4C8F-BBB7-27B384C1DE2E}.Debug|x86.Build.0 = Debug|Any CPU
		{B46929BD-F3F1-4C8F-BBB7-27B384C1DE2E}.Release|Any CPU.ActiveCfg = Release|Any CPU
		{B46929BD-F3F1-4C8F-BBB7-27B384C1DE2E}.Release|Any CPU.Build.0 = Release|Any CPU
		{B46929BD-F3F1-4C8F-BBB7-27B384C1DE2E}.Release|x64.ActiveCfg = Release|Any CPU
		{B46929BD-F3F1-4C8F-BBB7-27B384C1DE2E}.Release|x64.Build.0 = Release|Any CPU
		{B46929BD-F3F1-4C8F-BBB7-27B384C1DE2E}.Release|x86.ActiveCfg = Release|Any CPU
		{B46929BD-F3F1-4C8F-BBB7-27B384C1DE2E}.Release|x86.Build.0 = Release|Any CPU
		{73F3FF85-0DC6-4914-9818-20984DAC2574}.Debug|Any CPU.ActiveCfg = Debug|Any CPU
		{73F3FF85-0DC6-4914-9818-20984DAC2574}.Debug|Any CPU.Build.0 = Debug|Any CPU
		{73F3FF85-0DC6-4914-9818-20984DAC2574}.Debug|x64.ActiveCfg = Debug|Any CPU
		{73F3FF85-0DC6-4914-9818-20984DAC2574}.Debug|x64.Build.0 = Debug|Any CPU
		{73F3FF85-0DC6-4914-9818-20984DAC2574}.Debug|x86.ActiveCfg = Debug|Any CPU
		{73F3FF85-0DC6-4914-9818-20984DAC2574}.Debug|x86.Build.0 = Debug|Any CPU
		{73F3FF85-0DC6-4914-9818-20984DAC2574}.Release|Any CPU.ActiveCfg = Release|Any CPU
		{73F3FF85-0DC6-4914-9818-20984DAC2574}.Release|Any CPU.Build.0 = Release|Any CPU
		{73F3FF85-0DC6-4914-9818-20984DAC2574}.Release|x64.ActiveCfg = Release|Any CPU
		{73F3FF85-0DC6-4914-9818-20984DAC2574}.Release|x64.Build.0 = Release|Any CPU
		{73F3FF85-0DC6-4914-9818-20984DAC2574}.Release|x86.ActiveCfg = Release|Any CPU
		{73F3FF85-0DC6-4914-9818-20984DAC2574}.Release|x86.Build.0 = Release|Any CPU
		{B85CDD08-8EEE-4A12-B1D7-87BF03B1C062}.Debug|Any CPU.ActiveCfg = Debug|Any CPU
		{B85CDD08-8EEE-4A12-B1D7-87BF03B1C062}.Debug|Any CPU.Build.0 = Debug|Any CPU
		{B85CDD08-8EEE-4A12-B1D7-87BF03B1C062}.Debug|x64.ActiveCfg = Debug|Any CPU
		{B85CDD08-8EEE-4A12-B1D7-87BF03B1C062}.Debug|x64.Build.0 = Debug|Any CPU
		{B85CDD08-8EEE-4A12-B1D7-87BF03B1C062}.Debug|x86.ActiveCfg = Debug|Any CPU
		{B85CDD08-8EEE-4A12-B1D7-87BF03B1C062}.Debug|x86.Build.0 = Debug|Any CPU
		{B85CDD08-8EEE-4A12-B1D7-87BF03B1C062}.Release|Any CPU.ActiveCfg = Release|Any CPU
		{B85CDD08-8EEE-4A12-B1D7-87BF03B1C062}.Release|Any CPU.Build.0 = Release|Any CPU
		{B85CDD08-8EEE-4A12-B1D7-87BF03B1C062}.Release|x64.ActiveCfg = Release|Any CPU
		{B85CDD08-8EEE-4A12-B1D7-87BF03B1C062}.Release|x64.Build.0 = Release|Any CPU
		{B85CDD08-8EEE-4A12-B1D7-87BF03B1C062}.Release|x86.ActiveCfg = Release|Any CPU
		{B85CDD08-8EEE-4A12-B1D7-87BF03B1C062}.Release|x86.Build.0 = Release|Any CPU
		{DA0911ED-730D-4555-80CE-B9BDF1A363BB}.Debug|Any CPU.ActiveCfg = Debug|Any CPU
		{DA0911ED-730D-4555-80CE-B9BDF1A363BB}.Debug|Any CPU.Build.0 = Debug|Any CPU
		{DA0911ED-730D-4555-80CE-B9BDF1A363BB}.Debug|x64.ActiveCfg = Debug|Any CPU
		{DA0911ED-730D-4555-80CE-B9BDF1A363BB}.Debug|x64.Build.0 = Debug|Any CPU
		{DA0911ED-730D-4555-80CE-B9BDF1A363BB}.Debug|x86.ActiveCfg = Debug|Any CPU
		{DA0911ED-730D-4555-80CE-B9BDF1A363BB}.Debug|x86.Build.0 = Debug|Any CPU
		{DA0911ED-730D-4555-80CE-B9BDF1A363BB}.Release|Any CPU.ActiveCfg = Release|Any CPU
		{DA0911ED-730D-4555-80CE-B9BDF1A363BB}.Release|Any CPU.Build.0 = Release|Any CPU
		{DA0911ED-730D-4555-80CE-B9BDF1A363BB}.Release|x64.ActiveCfg = Release|Any CPU
		{DA0911ED-730D-4555-80CE-B9BDF1A363BB}.Release|x64.Build.0 = Release|Any CPU
		{DA0911ED-730D-4555-80CE-B9BDF1A363BB}.Release|x86.ActiveCfg = Release|Any CPU
		{DA0911ED-730D-4555-80CE-B9BDF1A363BB}.Release|x86.Build.0 = Release|Any CPU
	EndGlobalSection
	GlobalSection(SolutionProperties) = preSolution
		HideSolutionNode = FALSE
	EndGlobalSection
EndGlobal
